
Microsoft Visual Studio Solution File, Format Version 12.00
# Visual Studio Version 17
VisualStudioVersion = 17.1.32407.343
MinimumVisualStudioVersion = 10.0.40219.1
Project("{FAE04EC0-301F-11D3-BF4B-00C04F79EFBC}") = "CreateMovieAPI", "CreateMovieAPI\CreateMovieAPI.csproj", "{EB39A3C2-37B6-45C4-82D3-F13B48129883}"
EndProject
Global
	GlobalSection(SolutionConfigurationPlatforms) = preSolution
		Debug|Any CPU = Debug|Any CPU
		Release|Any CPU = Release|Any CPU
	EndGlobalSection
	GlobalSection(ProjectConfigurationPlatforms) = postSolution
		{EB39A3C2-37B6-45C4-82D3-F13B48129883}.Debug|Any CPU.ActiveCfg = Debug|Any CPU
		{EB39A3C2-37B6-45C4-82D3-F13B48129883}.Debug|Any CPU.Build.0 = Debug|Any CPU
		{EB39A3C2-37B6-45C4-82D3-F13B48129883}.Release|Any CPU.ActiveCfg = Release|Any CPU
		{EB39A3C2-37B6-45C4-82D3-F13B48129883}.Release|Any CPU.Build.0 = Release|Any CPU
	EndGlobalSection
	GlobalSection(SolutionProperties) = preSolution
		HideSolutionNode = FALSE
	EndGlobalSection
	GlobalSection(ExtensibilityGlobals) = postSolution
		SolutionGuid = {C155CB27-1318-4A78-96F5-88507B179929}
	EndGlobalSection
EndGlobal
